
Microsoft Visual Studio Solution File, Format Version 12.00
# Visual Studio Version 16
VisualStudioVersion = 16.0.31624.102
MinimumVisualStudioVersion = 10.0.40219.1
Project("{8BC9CEB8-8B4A-11D0-8D11-00A0C91BC942}") = "qt_gui", "qt_gui.vcxproj", "{203D8E1E-E559-4DE4-B26F-2C56D6844EF8}"
EndProject
Project("{8BC9CEB8-8B4A-11D0-8D11-00A0C91BC942}") = "injector", "..\injector\injector.vcxproj", "{D2843332-36E1-45E9-AB9A-7549048160D9}"
EndProject
Project("{8BC9CEB8-8B4A-11D0-8D11-00A0C91BC942}") = "injected_dll", "..\injected_dll\injected_dll.vcxproj", "{E0A2F12A-4613-4DB9-8143-CA3259133B99}"
EndProject
Project("{8BC9CEB8-8B4A-11D0-8D11-00A0C91BC942}") = "test_program", "..\test_program\test_program.vcxproj", "{B8D52240-DEA7-4424-A772-EFACF23E233A}"
EndProject
Global
	GlobalSection(SolutionConfigurationPlatforms) = preSolution
		Debug|x64 = Debug|x64
		Debug|x86 = Debug|x86
		Release|x64 = Release|x64
		Release|x86 = Release|x86
	EndGlobalSection
	GlobalSection(ProjectConfigurationPlatforms) = postSolution
		{203D8E1E-E559-4DE4-B26F-2C56D6844EF8}.Debug|x64.ActiveCfg = Debug|x64
		{203D8E1E-E559-4DE4-B26F-2C56D6844EF8}.Debug|x64.Build.0 = Debug|x64
		{203D8E1E-E559-4DE4-B26F-2C56D6844EF8}.Debug|x86.ActiveCfg = Debug|x64
		{203D8E1E-E559-4DE4-B26F-2C56D6844EF8}.Release|x64.ActiveCfg = Release|x64
		{203D8E1E-E559-4DE4-B26F-2C56D6844EF8}.Release|x64.Build.0 = Release|x64
		{203D8E1E-E559-4DE4-B26F-2C56D6844EF8}.Release|x86.ActiveCfg = Release|x64
		{D2843332-36E1-45E9-AB9A-7549048160D9}.Debug|x64.ActiveCfg = Debug|x64
		{D2843332-36E1-45E9-AB9A-7549048160D9}.Debug|x64.Build.0 = Debug|x64
		{D2843332-36E1-45E9-AB9A-7549048160D9}.Debug|x86.ActiveCfg = Debug|Win32
		{D2843332-36E1-45E9-AB9A-7549048160D9}.Debug|x86.Build.0 = Debug|Win32
		{D2843332-36E1-45E9-AB9A-7549048160D9}.Release|x64.ActiveCfg = Release|x64
		{D2843332-36E1-45E9-AB9A-7549048160D9}.Release|x64.Build.0 = Release|x64
		{D2843332-36E1-45E9-AB9A-7549048160D9}.Release|x86.ActiveCfg = Release|Win32
		{D2843332-36E1-45E9-AB9A-7549048160D9}.Release|x86.Build.0 = Release|Win32
		{E0A2F12A-4613-4DB9-8143-CA3259133B99}.Debug|x64.ActiveCfg = Debug|x64
		{E0A2F12A-4613-4DB9-8143-CA3259133B99}.Debug|x64.Build.0 = Debug|x64
		{E0A2F12A-4613-4DB9-8143-CA3259133B99}.Debug|x86.ActiveCfg = Debug|Win32
		{E0A2F12A-4613-4DB9-8143-CA3259133B99}.Debug|x86.Build.0 = Debug|Win32
		{E0A2F12A-4613-4DB9-8143-CA3259133B99}.Release|x64.ActiveCfg = Release|x64
		{E0A2F12A-4613-4DB9-8143-CA3259133B99}.Release|x64.Build.0 = Release|x64
		{E0A2F12A-4613-4DB9-8143-CA3259133B99}.Release|x86.ActiveCfg = Release|Win32
		{E0A2F12A-4613-4DB9-8143-CA3259133B99}.Release|x86.Build.0 = Release|Win32
		{B8D52240-DEA7-4424-A772-EFACF23E233A}.Debug|x64.ActiveCfg = Debug|x64
		{B8D52240-DEA7-4424-A772-EFACF23E233A}.Debug|x64.Build.0 = Debug|x64
		{B8D52240-DEA7-4424-A772-EFACF23E233A}.Debug|x86.ActiveCfg = Debug|Win32
		{B8D52240-DEA7-4424-A772-EFACF23E233A}.Debug|x86.Build.0 = Debug|Win32
		{B8D52240-DEA7-4424-A772-EFACF23E233A}.Release|x64.ActiveCfg = Release|x64
		{B8D52240-DEA7-4424-A772-EFACF23E233A}.Release|x64.Build.0 = Release|x64
		{B8D52240-DEA7-4424-A772-EFACF23E233A}.Release|x86.ActiveCfg = Release|Win32
		{B8D52240-DEA7-4424-A772-EFACF23E233A}.Release|x86.Build.0 = Release|Win32
	EndGlobalSection
	GlobalSection(SolutionProperties) = preSolution
		HideSolutionNode = FALSE
	EndGlobalSection
	GlobalSection(ExtensibilityGlobals) = postSolution
		SolutionGuid = {EC0FC22F-013F-4AB5-8D76-6BFD08F94C82}
	EndGlobalSection
EndGlobal
